
Microsoft Visual Studio Solution File, Format Version 12.00
# Visual Studio Version 17
VisualStudioVersion = 17.2.32616.157
MinimumVisualStudioVersion = 10.0.40219.1
Project("{9A19103F-16F7-4668-BE54-9A1E7A4F7556}") = "TotallyNotVirus", "TotallyNotVirus.csproj", "{871377EA-6487-4268-B784-2C04600B0438}"
EndProject
Global
	GlobalSection(SolutionConfigurationPlatforms) = preSolution
		Debug|Any CPU = Debug|Any CPU
		Release|Any CPU = Release|Any CPU
	EndGlobalSection
	GlobalSection(ProjectConfigurationPlatforms) = postSolution
		{871377EA-6487-4268-B784-2C04600B0438}.Debug|Any CPU.ActiveCfg = Debug|Any CPU
		{871377EA-6487-4268-B784-2C04600B0438}.Debug|Any CPU.Build.0 = Debug|Any CPU
		{871377EA-6487-4268-B784-2C04600B0438}.Release|Any CPU.ActiveCfg = Release|Any CPU
		{871377EA-6487-4268-B784-2C04600B0438}.Release|Any CPU.Build.0 = Release|Any CPU
	EndGlobalSection
	GlobalSection(SolutionProperties) = preSolution
		HideSolutionNode = FALSE
	EndGlobalSection
	GlobalSection(ExtensibilityGlobals) = postSolution
		SolutionGuid = {2B8DE0DE-A09C-4398-B778-5E7FC4B5F60B}
	EndGlobalSection
EndGlobal
